# THIS IS AN AUTOGENERATED FILE. DO NOT EDIT THIS FILE DIRECTLY.
# yarn lockfile v1


chrome-promise@^2.1.2:
  version "2.1.2"
  resolved "https://registry.yarnpkg.com/chrome-promise/-/chrome-promise-2.1.2.tgz#bf3048e92a97d03085bc36c5fde18cf1178165a6"

encoding@^0.1.11:
  version "0.1.12"
  resolved "https://registry.yarnpkg.com/encoding/-/encoding-0.1.12.tgz#538b66f3ee62cd1ab51ec323829d1f9480c74beb"
  dependencies:
    iconv-lite "~0.4.13"

graceful-fs@^4.1.11:
  version "4.1.11"
  resolved "https://registry.yarnpkg.com/graceful-fs/-/graceful-fs-4.1.11.tgz#0e8bdfe4d1ddb8854d64e04ea7c00e2a026e5658"

iconv-lite@~0.4.13:
  version "0.4.19"
  resolved "https://registry.yarnpkg.com/iconv-lite/-/iconv-lite-0.4.19.tgz#f7468f60135f5e5dad3399c0a81be9a1603a082b"

imurmurhash@^0.1.4:
  version "0.1.4"
  resolved "https://registry.yarnpkg.com/imurmurhash/-/imurmurhash-0.1.4.tgz#9218b9b2b928a238b13dc4fb6b6d576f231453ea"

is-stream@^1.0.1:
  version "1.1.0"
  resolved "https://registry.yarnpkg.com/is-stream/-/is-stream-1.1.0.tgz#12d4a3dd4e68e0b79ceb8dbc84173ae80d91ca44"

material-design-icons@^3.0.1:
  version "3.0.1"
  resolved "https://registry.yarnpkg.com/material-design-icons/-/material-design-icons-3.0.1.tgz#9a71c48747218ebca51e51a66da682038cdcb7bf"

mithril@^1.1.6:
  version "1.1.6"
  resolved "https://registry.yarnpkg.com/mithril/-/mithril-1.1.6.tgz#bd2cc0de3d3c86076a6a7a30367a601a1bd108f3"

node-fetch@^1.3.3:
  version "1.7.3"
  resolved "https://registry.yarnpkg.com/node-fetch/-/node-fetch-1.7.3.tgz#980f6f72d85211a5347c6b2bc18c5b84c3eb47ef"
  dependencies:
    encoding "^0.1.11"
    is-stream "^1.0.1"

node-localstorage@~1.3.0:
  version "1.3.0"
  resolved "https://registry.yarnpkg.com/node-localstorage/-/node-localstorage-1.3.0.tgz#2e436aae8dcc9ace97b43c65c16c0d577be0a55c"
  dependencies:
    write-file-atomic "^1.1.4"

openpgp@^2.6.1:
  version "2.6.1"
  resolved "https://registry.yarnpkg.com/openpgp/-/openpgp-2.6.1.tgz#7d9da10433e37d87300fbac1fe173c80f0a908c9"
  dependencies:
    node-fetch "^1.3.3"
    node-localstorage "~1.3.0"

slide@^1.1.5:
  version "1.1.6"
  resolved "https://registry.yarnpkg.com/slide/-/slide-1.1.6.tgz#56eb027d65b4d2dce6cb2e2d32c4d4afc9e1d707"

write-file-atomic@^1.1.4:
  version "1.3.4"
  resolved "https://registry.yarnpkg.com/write-file-atomic/-/write-file-atomic-1.3.4.tgz#f807a4f0b1d9e913ae7a48112e6cc3af1991b45f"
  dependencies:
    graceful-fs "^4.1.11"
    imurmurhash "^0.1.4"
    slide "^1.1.5"
