# THIS IS AN AUTOGENERATED FILE. DO NOT EDIT THIS FILE DIRECTLY.
# yarn lockfile v1


"@mattiasbuelens/web-streams-polyfill@0.1.0-alpha.4":
  version "0.1.0-alpha.4"
  resolved "https://registry.yarnpkg.com/@mattiasbuelens/web-streams-polyfill/-/web-streams-polyfill-0.1.0-alpha.4.tgz#fde9688fac83ff40e3be1a01973c867e12a74492"
  integrity sha512-WAsiWLWc7ZNS1b0qFAoKSFLeqXesPa60YelVE3pPKc6pZ4iuSW9l6DBxY4hMPQj1dQCBDrUHJj/NDSjE85bTRQ==
  dependencies:
    "@types/whatwg-streams" "0.0.5"

"@types/whatwg-streams@0.0.5":
  version "0.0.5"
  resolved "https://registry.yarnpkg.com/@types/whatwg-streams/-/whatwg-streams-0.0.5.tgz#66c3852b8e33f2a2ca225a6d8fd8096e34d17fe6"
  integrity sha512-y1UgRuGO64x/v+UIerA2AMquW/qxaIUD95rbf8FYxtVG//D3381+JexnZfcEiZSqXErdxdPmXpz8srY7gs9Grw==

address-rfc2822@^2.0.3:
  version "2.0.4"
  resolved "https://registry.yarnpkg.com/address-rfc2822/-/address-rfc2822-2.0.4.tgz#2dbd3b8d6c2de1e957c1a8549dc012d40bbc3431"
  integrity sha1-Lb07jWwt4elXwahUncAS1Au8NDE=
  dependencies:
    email-addresses "^3.0.0"

"asmcrypto.js@github:openpgpjs/asmcrypto":
  version "2.3.0"
  resolved "https://codeload.github.com/openpgpjs/asmcrypto/tar.gz/6e4e407b9b8ae317925a9e677cc7b4de3e447e83"

asn1.js@^5.0.0:
  version "5.0.1"
  resolved "https://registry.yarnpkg.com/asn1.js/-/asn1.js-5.0.1.tgz#7668b56416953f0ce3421adbb3893ace59c96f59"
  integrity sha512-aO8EaEgbgqq77IEw+1jfx5c9zTbzvkfuRBuZsSsPnTHMkmd5AI4J6OtITLZFa381jReeaQL67J0GBTUu0+ZTVw==
  dependencies:
    bn.js "^4.0.0"
    inherits "^2.0.1"
    minimalistic-assert "^1.0.0"

base64-js@^1.0.2:
  version "1.3.0"
  resolved "https://registry.yarnpkg.com/base64-js/-/base64-js-1.3.0.tgz#cab1e6118f051095e58b5281aea8c1cd22bfc0e3"
  integrity sha512-ccav/yGvoa80BQDljCxsmmQ3Xvx60/UpBIij5QN21W3wBi/hhIC9OoO+KLpu9IJTS9j4DRVJ3aDDF9cMSoa2lw==

bn.js@^4.0.0, bn.js@^4.11.8, bn.js@^4.4.0:
  version "4.11.8"
  resolved "https://registry.yarnpkg.com/bn.js/-/bn.js-4.11.8.tgz#2cde09eb5ee341f484746bb0309b3253b1b1442f"
  integrity sha512-ItfYfPLkWHUjckQCk8xC+LwxgK8NYcXywGigJgSwOP8Y2iyWT4f2vsZnoOXTTbo+o5yXmIUJ4gn5538SO5S3gA==

brorand@^1.0.1:
  version "1.1.0"
  resolved "https://registry.yarnpkg.com/brorand/-/brorand-1.1.0.tgz#12c25efe40a45e3c323eb8675a0a0ce57b22371f"
  integrity sha1-EsJe/kCkXjwyPrhnWgoM5XsiNx8=

buffer@^5.0.8:
  version "5.2.1"
  resolved "https://registry.yarnpkg.com/buffer/-/buffer-5.2.1.tgz#dd57fa0f109ac59c602479044dca7b8b3d0b71d6"
  integrity sha512-c+Ko0loDaFfuPWiL02ls9Xd3GO3cPVmUobQ6t3rXNUk304u6hGq+8N/kFi+QEIKhzK3uwolVhLzszmfLmMLnqg==
  dependencies:
    base64-js "^1.0.2"
    ieee754 "^1.1.4"

chrome-promise@^2.2.2:
  version "2.2.2"
  resolved "https://registry.yarnpkg.com/chrome-promise/-/chrome-promise-2.2.2.tgz#b8d7a6dcf748d159d127863cfa44703416e89806"
  integrity sha512-u5T6krSSWXV/Di9c10iloM1S91WObNLcmGpIPC+RKFWFD9hycBmqeelFrrT5H6vt5+8jhSbQuxvhY9k8cuT4ug==

commander@~2.8.1:
  version "2.8.1"
  resolved "https://registry.yarnpkg.com/commander/-/commander-2.8.1.tgz#06be367febfda0c330aa1e2a072d3dc9762425d4"
  integrity sha1-Br42f+v9oMMwqh4qBy09yXYkJdQ=
  dependencies:
    graceful-readlink ">= 1.0.0"

"elliptic@github:openpgpjs/elliptic":
  version "6.4.0"
  resolved "https://codeload.github.com/openpgpjs/elliptic/tar.gz/e187e706e11fa51bcd20e46e5119054be4e2a4a6"
  dependencies:
    bn.js "^4.4.0"
    brorand "^1.0.1"
    hash.js "^1.0.0"
    hmac-drbg "^1.0.0"
    inherits "^2.0.1"
    minimalistic-assert "^1.0.0"
    minimalistic-crypto-utils "^1.0.0"

email-addresses@^3.0.0:
  version "3.0.3"
  resolved "https://registry.yarnpkg.com/email-addresses/-/email-addresses-3.0.3.tgz#fc3c6952f68da24239914e982c8a7783bc2ed96d"
  integrity sha512-kUlSC06PVvvjlMRpNIl3kR1NRXLEe86VQ7N0bQeaCZb2g+InShCeHQp/JvyYNTugMnRN2NvJhHlc3q12MWbbpg==

graceful-fs@^4.1.11:
  version "4.1.11"
  resolved "https://registry.yarnpkg.com/graceful-fs/-/graceful-fs-4.1.11.tgz#0e8bdfe4d1ddb8854d64e04ea7c00e2a026e5658"

"graceful-readlink@>= 1.0.0":
  version "1.0.1"
  resolved "https://registry.yarnpkg.com/graceful-readlink/-/graceful-readlink-1.0.1.tgz#4cafad76bc62f02fa039b2f94e9a3dd3a391a725"
  integrity sha1-TK+tdrxi8C+gObL5Tpo906ORpyU=

hash.js@^1.0.0, hash.js@^1.0.3, hash.js@^1.1.3:
  version "1.1.7"
  resolved "https://registry.yarnpkg.com/hash.js/-/hash.js-1.1.7.tgz#0babca538e8d4ee4a0f8988d68866537a003cf42"
  integrity sha512-taOaskGt4z4SOANNseOviYDvjEJinIkRgmp7LbKP2YTTmVxWBl87s/uzK9r+44BclBSp2X7K1hqeNfz9JbBeXA==
  dependencies:
    inherits "^2.0.3"
    minimalistic-assert "^1.0.1"

hmac-drbg@^1.0.0:
  version "1.0.1"
  resolved "https://registry.yarnpkg.com/hmac-drbg/-/hmac-drbg-1.0.1.tgz#d2745701025a6c775a6c545793ed502fc0c649a1"
  integrity sha1-0nRXAQJabHdabFRXk+1QL8DGSaE=
  dependencies:
    hash.js "^1.0.3"
    minimalistic-assert "^1.0.0"
    minimalistic-crypto-utils "^1.0.1"

ieee754@^1.1.4:
  version "1.1.12"
  resolved "https://registry.yarnpkg.com/ieee754/-/ieee754-1.1.12.tgz#50bf24e5b9c8bb98af4964c941cdb0918da7b60b"
  integrity sha512-GguP+DRY+pJ3soyIiGPTvdiVXjZ+DbXOxGpXn3eMvNW4x4irjqXm4wHKscC+TfxSJ0yw/S1F24tqdMNsMZTiLA==

imurmurhash@^0.1.4:
  version "0.1.4"
  resolved "https://registry.yarnpkg.com/imurmurhash/-/imurmurhash-0.1.4.tgz#9218b9b2b928a238b13dc4fb6b6d576f231453ea"

inherits@^2.0.1, inherits@^2.0.3:
  version "2.0.3"
  resolved "https://registry.yarnpkg.com/inherits/-/inherits-2.0.3.tgz#633c2c83e3da42a502f52466022480f4208261de"
  integrity sha1-Yzwsg+PaQqUC9SRmAiSA9CCCYd4=

material-design-icons@^3.0.1:
  version "3.0.1"
  resolved "https://registry.yarnpkg.com/material-design-icons/-/material-design-icons-3.0.1.tgz#9a71c48747218ebca51e51a66da682038cdcb7bf"

minimalistic-assert@^1.0.0, minimalistic-assert@^1.0.1:
  version "1.0.1"
  resolved "https://registry.yarnpkg.com/minimalistic-assert/-/minimalistic-assert-1.0.1.tgz#2e194de044626d4a10e7f7fbc00ce73e83e4d5c7"
  integrity sha512-UtJcAD4yEaGtjPezWuO9wC4nwUnVH/8/Im3yEHQP4b67cXlD/Qr9hdITCU1xDbSEXg2XKNaP8jsReV7vQd00/A==

minimalistic-crypto-utils@^1.0.0, minimalistic-crypto-utils@^1.0.1:
  version "1.0.1"
  resolved "https://registry.yarnpkg.com/minimalistic-crypto-utils/-/minimalistic-crypto-utils-1.0.1.tgz#f6c00c1c0b082246e5c4d99dfb8c7c083b2b582a"
  integrity sha1-9sAMHAsIIkblxNmd+4x8CDsrWCo=

mithril@^1.1.6:
  version "1.1.6"
  resolved "https://registry.yarnpkg.com/mithril/-/mithril-1.1.6.tgz#bd2cc0de3d3c86076a6a7a30367a601a1bd108f3"

node-fetch@^2.1.2:
  version "2.3.0"
  resolved "https://registry.yarnpkg.com/node-fetch/-/node-fetch-2.3.0.tgz#1a1d940bbfb916a1d3e0219f037e89e71f8c5fa5"
  integrity sha512-MOd8pV3fxENbryESLgVIeaGKrdl+uaYhCSSVkjeOb/31/njTpcis5aWfdqgNlHIrKOLRbMnfPINPOML2CIFeXA==

node-localstorage@~1.3.0:
  version "1.3.0"
  resolved "https://registry.yarnpkg.com/node-localstorage/-/node-localstorage-1.3.0.tgz#2e436aae8dcc9ace97b43c65c16c0d577be0a55c"
  dependencies:
    write-file-atomic "^1.1.4"

openpgp@^4.4:
  version "4.4.3"
  resolved "https://registry.yarnpkg.com/openpgp/-/openpgp-4.4.3.tgz#bc36e965054641f13f3136b76e5748c548947fe4"
  integrity sha512-OUtQ0oQSYorT9iHZnlIwgPbdMvciOUALi1DwHLrCd8vxC8yiMQlX4WlwBuyFNK7rkmbD98akMCs/9Nk4F6F/Ng==
  dependencies:
    "@mattiasbuelens/web-streams-polyfill" "0.1.0-alpha.4"
    address-rfc2822 "^2.0.3"
    asmcrypto.js "github:openpgpjs/asmcrypto"
    asn1.js "^5.0.0"
    bn.js "^4.11.8"
    buffer "^5.0.8"
    elliptic "github:openpgpjs/elliptic"
    hash.js "^1.1.3"
    node-fetch "^2.1.2"
    node-localstorage "~1.3.0"
    pako "^1.0.6"
    seek-bzip "github:openpgpjs/seek-bzip"
    web-stream-tools "github:openpgpjs/web-stream-tools"

pako@^1.0.6:
  version "1.0.8"
  resolved "https://registry.yarnpkg.com/pako/-/pako-1.0.8.tgz#6844890aab9c635af868ad5fecc62e8acbba3ea4"
  integrity sha512-6i0HVbUfcKaTv+EG8ZTr75az7GFXcLYk9UyLEg7Notv/Ma+z/UG3TCoz6GiNeOrn1E/e63I0X/Hpw18jHOTUnA==

"seek-bzip@github:openpgpjs/seek-bzip":
  version "1.0.5-git"
  resolved "https://codeload.github.com/openpgpjs/seek-bzip/tar.gz/3aca608ffedc055a1da1d898ecb244804ef32209"
  dependencies:
    commander "~2.8.1"

slide@^1.1.5:
  version "1.1.6"
  resolved "https://registry.yarnpkg.com/slide/-/slide-1.1.6.tgz#56eb027d65b4d2dce6cb2e2d32c4d4afc9e1d707"

"web-stream-tools@github:openpgpjs/web-stream-tools":
  version "0.0.1"
  resolved "https://codeload.github.com/openpgpjs/web-stream-tools/tar.gz/84a497715c9df271a673f8616318264ab42ab3cc"

write-file-atomic@^1.1.4:
  version "1.3.4"
  resolved "https://registry.yarnpkg.com/write-file-atomic/-/write-file-atomic-1.3.4.tgz#f807a4f0b1d9e913ae7a48112e6cc3af1991b45f"
  dependencies:
    graceful-fs "^4.1.11"
    imurmurhash "^0.1.4"
    slide "^1.1.5"
